
Microsoft Visual Studio Solution File, Format Version 12.00
# Visual Studio 15
VisualStudioVersion = 15.0.28307.329
MinimumVisualStudioVersion = 10.0.40219.1
Project("{FAE04EC0-301F-11D3-BF4B-00C04F79EFBC}") = "cybersource-flex-samples-dotnet", "cybersource-flex-samples-dotnet\cybersource-flex-samples-dotnet.csproj", "{DA62FC37-82C4-4E4B-967A-32613381E3A0}"
EndProject
Global
	GlobalSection(SolutionConfigurationPlatforms) = preSolution
		Debug|Any CPU = Debug|Any CPU
		Release|Any CPU = Release|Any CPU
	EndGlobalSection
	GlobalSection(ProjectConfigurationPlatforms) = postSolution
		{DA62FC37-82C4-4E4B-967A-32613381E3A0}.Debug|Any CPU.ActiveCfg = Debug|Any CPU
		{DA62FC37-82C4-4E4B-967A-32613381E3A0}.Debug|Any CPU.Build.0 = Debug|Any CPU
		{DA62FC37-82C4-4E4B-967A-32613381E3A0}.Release|Any CPU.ActiveCfg = Release|Any CPU
		{DA62FC37-82C4-4E4B-967A-32613381E3A0}.Release|Any CPU.Build.0 = Release|Any CPU
	EndGlobalSection
	GlobalSection(SolutionProperties) = preSolution
		HideSolutionNode = FALSE
	EndGlobalSection
	GlobalSection(ExtensibilityGlobals) = postSolution
		SolutionGuid = {E7A8D1B7-AB23-47BB-9158-7C430524F243}
	EndGlobalSection
EndGlobal
