
Microsoft Visual Studio Solution File, Format Version 12.00
# Visual Studio 15
VisualStudioVersion = 15.0.28307.329
MinimumVisualStudioVersion = 10.0.40219.1
Project("{FAE04EC0-301F-11D3-BF4B-00C04F79EFBC}") = "flex-microform-sample", "flex-microform-sample\flex-microform-sample.csproj", "{8664E36A-7BEF-4EF8-90E2-51F42FC8D192}"
EndProject
Project("{FAE04EC0-301F-11D3-BF4B-00C04F79EFBC}") = "flex-js-sample", "flex-js-sample\flex-js-sample.csproj", "{43352956-8844-4E83-AD6A-10A451B05618}"
EndProject
Global
	GlobalSection(SolutionConfigurationPlatforms) = preSolution
		Debug|Any CPU = Debug|Any CPU
		Release|Any CPU = Release|Any CPU
	EndGlobalSection
	GlobalSection(ProjectConfigurationPlatforms) = postSolution
		{8664E36A-7BEF-4EF8-90E2-51F42FC8D192}.Debug|Any CPU.ActiveCfg = Debug|Any CPU
		{8664E36A-7BEF-4EF8-90E2-51F42FC8D192}.Debug|Any CPU.Build.0 = Debug|Any CPU
		{8664E36A-7BEF-4EF8-90E2-51F42FC8D192}.Release|Any CPU.ActiveCfg = Release|Any CPU
		{8664E36A-7BEF-4EF8-90E2-51F42FC8D192}.Release|Any CPU.Build.0 = Release|Any CPU
		{43352956-8844-4E83-AD6A-10A451B05618}.Debug|Any CPU.ActiveCfg = Debug|Any CPU
		{43352956-8844-4E83-AD6A-10A451B05618}.Debug|Any CPU.Build.0 = Debug|Any CPU
		{43352956-8844-4E83-AD6A-10A451B05618}.Release|Any CPU.ActiveCfg = Release|Any CPU
		{43352956-8844-4E83-AD6A-10A451B05618}.Release|Any CPU.Build.0 = Release|Any CPU
	EndGlobalSection
	GlobalSection(SolutionProperties) = preSolution
		HideSolutionNode = FALSE
	EndGlobalSection
	GlobalSection(ExtensibilityGlobals) = postSolution
		SolutionGuid = {E7A8D1B7-AB23-47BB-9158-7C430524F243}
	EndGlobalSection
EndGlobal
